
Microsoft Visual Studio Solution File, Format Version 12.00
# Visual Studio Version 16
VisualStudioVersion = 16.0.31515.178
MinimumVisualStudioVersion = 10.0.40219.1
Project("{FAE04EC0-301F-11D3-BF4B-00C04F79EFBC}") = "ChallengeSnow", "ChallengeSnow.csproj", "{482384CB-B6D0-4B1A-A858-C9260F654A86}"
EndProject
Global
	GlobalSection(SolutionConfigurationPlatforms) = preSolution
		Debug|Any CPU = Debug|Any CPU
		Release|Any CPU = Release|Any CPU
	EndGlobalSection
	GlobalSection(ProjectConfigurationPlatforms) = postSolution
		{482384CB-B6D0-4B1A-A858-C9260F654A86}.Debug|Any CPU.ActiveCfg = Debug|Any CPU
		{482384CB-B6D0-4B1A-A858-C9260F654A86}.Debug|Any CPU.Build.0 = Debug|Any CPU
		{482384CB-B6D0-4B1A-A858-C9260F654A86}.Release|Any CPU.ActiveCfg = Release|Any CPU
		{482384CB-B6D0-4B1A-A858-C9260F654A86}.Release|Any CPU.Build.0 = Release|Any CPU
	EndGlobalSection
	GlobalSection(SolutionProperties) = preSolution
		HideSolutionNode = FALSE
	EndGlobalSection
	GlobalSection(ExtensibilityGlobals) = postSolution
		SolutionGuid = {764213C6-D502-4292-B700-3AB9083BA9F3}
	EndGlobalSection
EndGlobal
